
Microsoft Visual Studio Solution File, Format Version 12.00
# Visual Studio Version 17
VisualStudioVersion = 17.0.31903.59
MinimumVisualStudioVersion = 10.0.40219.1
Project("{9A19103F-16F7-4668-BE54-9A1E7A4F7556}") = "HM4_M6", "src\HW4_m6\HM4_M6.csproj", "{AED83B7A-C557-4AC1-AFB8-7DFBFEEF7B98}"
EndProject
Global
	GlobalSection(SolutionConfigurationPlatforms) = preSolution
		Debug|Any CPU = Debug|Any CPU
		Release|Any CPU = Release|Any CPU
	EndGlobalSection
	GlobalSection(ProjectConfigurationPlatforms) = postSolution
		{AED83B7A-C557-4AC1-AFB8-7DFBFEEF7B98}.Debug|Any CPU.ActiveCfg = Debug|Any CPU
		{AED83B7A-C557-4AC1-AFB8-7DFBFEEF7B98}.Debug|Any CPU.Build.0 = Debug|Any CPU
		{AED83B7A-C557-4AC1-AFB8-7DFBFEEF7B98}.Release|Any CPU.ActiveCfg = Release|Any CPU
		{AED83B7A-C557-4AC1-AFB8-7DFBFEEF7B98}.Release|Any CPU.Build.0 = Release|Any CPU
	EndGlobalSection
	GlobalSection(SolutionProperties) = preSolution
		HideSolutionNode = FALSE
	EndGlobalSection
EndGlobal
